<?xml version="1.0" encoding="utf-8"?>
<Project ToolsVersion="4.0" xmlns="http://schemas.microsoft.com/developer/msbuild/2003">
  <ItemGroup>
    <Filter Include="Archivos de código fuente">
      <UniqueIdentifier>{4FC737F1-C7A5-4376-A066-2A32D752A2FF}</UniqueIdentifier>
      <Extensions>cpp;c;cc;cxx;def;odl;idl;hpj;bat;asm;asmx</Extensions>
    </Filter>
    <Filter Include="Archivos de encabezado">
      <UniqueIdentifier>{93995380-89BD-4b04-88EB-625FBE52EBFB}</UniqueIdentifier>
      <Extensions>h;hpp;hxx;hm;inl;inc;xsd</Extensions>
    </Filter>
    <Filter Include="Archivos de recursos">
      <UniqueIdentifier>{67DA6AB6-F800-4c08-8B7A-83BB121AAD01}</UniqueIdentifier>
      <Extensions>rc;ico;cur;bmp;dlg;rc2;rct;bin;rgs;gif;jpg;jpeg;jpe;resx;tiff;tif;png;wav</Extensions>
    </Filter>
    <Filter Include="Engine">
      <UniqueIdentifier>{82bd7e7b-06eb-4ac6-83b5-33930fef9810}</UniqueIdentifier>
    </Filter>
  </ItemGroup>
  <ItemGroup>
    <ClInclude Include="..\source\include\Anim2D.h">
      <Filter>Engine</Filter>
    </ClInclude>
    <ClInclude Include="..\source\include\Anim.h">
      <Filter>Engine</Filter>
    </ClInclude>
    <ClInclude Include="..\source\include\BGM.h">
      <Filter>Engine</Filter>
    </ClInclude>
    <ClInclude Include="..\source\include\Canvas.h">
      <Filter>Engine</Filter>
    </ClInclude>
    <ClInclude Include="..\source\include\Color.h">
      <Filter>Engine</Filter>
    </ClInclude>
    <ClInclude Include="..\source\include\EngineManager.h">
      <Filter>Engine</Filter>
    </ClInclude>
    <ClInclude Include="..\source\include\Entity.h">
      <Filter>Engine</Filter>
    </ClInclude>
    <ClInclude Include="..\source\include\FrameControl.h">
      <Filter>Engine</Filter>
    </ClInclude>
    <ClInclude Include="..\source\include\Game.h">
      <Filter>Engine</Filter>
    </ClInclude>
    <ClInclude Include="..\source\include\GameState.h">
      <Filter>Engine</Filter>
    </ClInclude>
    <ClInclude Include="..\source\include\GfxEngine.h">
      <Filter>Engine</Filter>
    </ClInclude>
    <ClInclude Include="..\source\include\Graphic.h">
      <Filter>Engine</Filter>
    </ClInclude>
    <ClInclude Include="..\source\include\Image.h">
      <Filter>Engine</Filter>
    </ClInclude>
    <ClInclude Include="..\source\include\Input.h">
      <Filter>Engine</Filter>
    </ClInclude>
    <ClInclude Include="..\source\include\Key.h">
      <Filter>Engine</Filter>
    </ClInclude>
    <ClInclude Include="..\source\include\Logger.h">
      <Filter>Engine</Filter>
    </ClInclude>
    <ClInclude Include="..\source\include\Map.h">
      <Filter>Engine</Filter>
    </ClInclude>
    <ClInclude Include="..\source\include\Mask.h">
      <Filter>Engine</Filter>
    </ClInclude>
    <ClInclude Include="..\source\include\MaskBox.h">
      <Filter>Engine</Filter>
    </ClInclude>
    <ClInclude Include="..\source\include\MaskCircle.h">
      <Filter>Engine</Filter>
    </ClInclude>
    <ClInclude Include="..\source\include\MaskList.h">
      <Filter>Engine</Filter>
    </ClInclude>
    <ClInclude Include="..\source\include\Music.h">
      <Filter>Engine</Filter>
    </ClInclude>
    <ClInclude Include="..\source\include\MusicManager.h">
      <Filter>Engine</Filter>
    </ClInclude>
    <ClInclude Include="..\source\include\MusicManagerItem.h">
      <Filter>Engine</Filter>
    </ClInclude>
    <ClInclude Include="..\source\include\Sfx.h">
      <Filter>Engine</Filter>
    </ClInclude>
    <ClInclude Include="..\source\include\SolidGrid.h">
      <Filter>Engine</Filter>
    </ClInclude>
    <ClInclude Include="..\source\include\Sound.h">
      <Filter>Engine</Filter>
    </ClInclude>
    <ClInclude Include="..\source\include\SoundEngine.h">
      <Filter>Engine</Filter>
    </ClInclude>
    <ClInclude Include="..\source\include\SoundManager.h">
      <Filter>Engine</Filter>
    </ClInclude>
    <ClInclude Include="..\source\include\SoundManagerItem.h">
      <Filter>Engine</Filter>
    </ClInclude>
    <ClInclude Include="..\source\include\SpriteMap.h">
      <Filter>Engine</Filter>
    </ClInclude>
    <ClInclude Include="..\source\include\Stamp.h">
      <Filter>Engine</Filter>
    </ClInclude>
    <ClInclude Include="..\source\include\SurfaceManager.h">
      <Filter>Engine</Filter>
    </ClInclude>
    <ClInclude Include="..\source\include\SurfaceManagerItem.h">
      <Filter>Engine</Filter>
    </ClInclude>
    <ClInclude Include="..\source\include\TileMap.h">
      <Filter>Engine</Filter>
    </ClInclude>
    <ClInclude Include="..\source\include\TileSet.h">
      <Filter>Engine</Filter>
    </ClInclude>
  </ItemGroup>
  <ItemGroup>
    <ClCompile Include="..\source\src\main.cpp">
      <Filter>Archivos de código fuente</Filter>
    </ClCompile>
    <ClCompile Include="..\source\src\EngineManager.cpp">
      <Filter>Engine</Filter>
    </ClCompile>
    <ClCompile Include="..\source\src\BGM.cpp">
      <Filter>Engine</Filter>
    </ClCompile>
    <ClCompile Include="..\source\src\Sfx.cpp">
      <Filter>Engine</Filter>
    </ClCompile>
    <ClCompile Include="..\source\src\Canvas.cpp">
      <Filter>Archivos de código fuente</Filter>
    </ClCompile>
    <ClCompile Include="..\source\src\Color.cpp">
      <Filter>Archivos de código fuente</Filter>
    </ClCompile>
    <ClCompile Include="..\source\src\GfxEngine.cpp">
      <Filter>Archivos de código fuente</Filter>
    </ClCompile>
    <ClCompile Include="..\source\src\Image.cpp">
      <Filter>Archivos de código fuente</Filter>
    </ClCompile>
    <ClCompile Include="..\source\src\Mask.cpp">
      <Filter>Archivos de código fuente</Filter>
    </ClCompile>
    <ClCompile Include="..\source\src\MaskCircle.cpp">
      <Filter>Archivos de código fuente</Filter>
    </ClCompile>
    <ClCompile Include="..\source\src\MusicManager.cpp">
      <Filter>Archivos de código fuente</Filter>
    </ClCompile>
    <ClCompile Include="..\source\src\MusicManagerItem.cpp">
      <Filter>Archivos de código fuente</Filter>
    </ClCompile>
    <ClCompile Include="..\source\src\SoundManager.cpp">
      <Filter>Archivos de código fuente</Filter>
    </ClCompile>
    <ClCompile Include="..\source\src\SoundManagerItem.cpp">
      <Filter>Archivos de código fuente</Filter>
    </ClCompile>
    <ClCompile Include="..\source\src\SurfaceManager.cpp">
      <Filter>Archivos de código fuente</Filter>
    </ClCompile>
    <ClCompile Include="..\source\src\SurfaceManagerItem.cpp">
      <Filter>Archivos de código fuente</Filter>
    </ClCompile>
    <ClCompile Include="..\source\src\Entity.cpp">
      <Filter>Engine</Filter>
    </ClCompile>
    <ClCompile Include="..\source\src\FrameControl.cpp">
      <Filter>Engine</Filter>
    </ClCompile>
    <ClCompile Include="..\source\src\Game.cpp">
      <Filter>Engine</Filter>
    </ClCompile>
    <ClCompile Include="..\source\src\GameState.cpp">
      <Filter>Engine</Filter>
    </ClCompile>
    <ClCompile Include="..\source\src\MaskBox.cpp">
      <Filter>Engine</Filter>
    </ClCompile>
    <ClCompile Include="..\source\src\SolidGrid.cpp">
      <Filter>Engine</Filter>
    </ClCompile>
  </ItemGroup>
</Project>